
Microsoft Visual Studio Solution File, Format Version 12.00
# Visual Studio Version 17
VisualStudioVersion = 17.14.36408.4 d17.14
MinimumVisualStudioVersion = 10.0.40219.1
Project("{FAE04EC0-301F-11D3-BF4B-00C04F79EFBC}") = "Andjela_BibliotekaA2", "Andjela_BibliotekaA2\Andjela_BibliotekaA2.csproj", "{77714E4B-F0B8-40E6-860C-106DA88E03C8}"
EndProject
Global
	GlobalSection(SolutionConfigurationPlatforms) = preSolution
		Debug|Any CPU = Debug|Any CPU
		Release|Any CPU = Release|Any CPU
	EndGlobalSection
	GlobalSection(ProjectConfigurationPlatforms) = postSolution
		{77714E4B-F0B8-40E6-860C-106DA88E03C8}.Debug|Any CPU.ActiveCfg = Debug|Any CPU
		{77714E4B-F0B8-40E6-860C-106DA88E03C8}.Debug|Any CPU.Build.0 = Debug|Any CPU
		{77714E4B-F0B8-40E6-860C-106DA88E03C8}.Release|Any CPU.ActiveCfg = Release|Any CPU
		{77714E4B-F0B8-40E6-860C-106DA88E03C8}.Release|Any CPU.Build.0 = Release|Any CPU
	EndGlobalSection
	GlobalSection(SolutionProperties) = preSolution
		HideSolutionNode = FALSE
	EndGlobalSection
	GlobalSection(ExtensibilityGlobals) = postSolution
		SolutionGuid = {22FEFAAA-40F3-4C4A-94D1-2192CEFAAB7E}
	EndGlobalSection
EndGlobal
