
Microsoft Visual Studio Solution File, Format Version 12.00
# Visual Studio Version 17
VisualStudioVersion = 17.14.36408.4 d17.14
MinimumVisualStudioVersion = 10.0.40219.1
Project("{FAE04EC0-301F-11D3-BF4B-00C04F79EFBC}") = "Andjela_EvidencijaVozilaA17", "Andjela_EvidencijaVozilaA17\Andjela_EvidencijaVozilaA17.csproj", "{757FE264-CC69-4FCE-82FB-526022FC2212}"
EndProject
Global
	GlobalSection(SolutionConfigurationPlatforms) = preSolution
		Debug|Any CPU = Debug|Any CPU
		Release|Any CPU = Release|Any CPU
	EndGlobalSection
	GlobalSection(ProjectConfigurationPlatforms) = postSolution
		{757FE264-CC69-4FCE-82FB-526022FC2212}.Debug|Any CPU.ActiveCfg = Debug|Any CPU
		{757FE264-CC69-4FCE-82FB-526022FC2212}.Debug|Any CPU.Build.0 = Debug|Any CPU
		{757FE264-CC69-4FCE-82FB-526022FC2212}.Release|Any CPU.ActiveCfg = Release|Any CPU
		{757FE264-CC69-4FCE-82FB-526022FC2212}.Release|Any CPU.Build.0 = Release|Any CPU
	EndGlobalSection
	GlobalSection(SolutionProperties) = preSolution
		HideSolutionNode = FALSE
	EndGlobalSection
	GlobalSection(ExtensibilityGlobals) = postSolution
		SolutionGuid = {7172D58D-3B0D-43FA-A53C-ED08F880612C}
	EndGlobalSection
EndGlobal
